// !$*UTF8*$!
{
	archiveVersion = 1;
	classes = {
	};
	objectVersion = 46;
	objects = {

/* Begin PBXBuildFile section */
		136164F01B81B76A00A6D27A /* AppDelegate.swift in Sources */ = {isa = PBXBuildFile; fileRef = 136164EF1B81B76A00A6D27A /* AppDelegate.swift */; };
		136164F21B81B76A00A6D27A /* ViewController.swift in Sources */ = {isa = PBXBuildFile; fileRef = 136164F11B81B76A00A6D27A /* ViewController.swift */; };
		136164F51B81B76A00A6D27A /* Main.storyboard in Resources */ = {isa = PBXBuildFile; fileRef = 136164F31B81B76A00A6D27A /* Main.storyboard */; };
		136164F71B81B76A00A6D27A /* Images.xcassets in Resources */ = {isa = PBXBuildFile; fileRef = 136164F61B81B76A00A6D27A /* Images.xcassets */; };
		136164FA1B81B76A00A6D27A /* LaunchScreen.xib in Resources */ = {isa = PBXBuildFile; fileRef = 136164F81B81B76A00A6D27A /* LaunchScreen.xib */; };
		136165061B81B76A00A6D27A /* StudySwiftTests.swift in Sources */ = {isa = PBXBuildFile; fileRef = 136165051B81B76A00A6D27A /* StudySwiftTests.swift */; };
/* End PBXBuildFile section */

/* Begin PBXContainerItemProxy section */
		136165001B81B76A00A6D27A /* PBXContainerItemProxy */ = {
			isa = PBXContainerItemProxy;
			containerPortal = 136164E21B81B76A00A6D27A /* Project object */;
			proxyType = 1;
			remoteGlobalIDString = 136164E91B81B76A00A6D27A;
			remoteInfo = StudySwift;
		};
/* End PBXContainerItemProxy section */

/* Begin PBXFileReference section */
		136164EA1B81B76A00A6D27A /* StudySwift.app */ = {isa = PBXFileReference; explicitFileType = wrapper.application; includeInIndex = 0; path = StudySwift.app; sourceTree = BUILT_PRODUCTS_DIR; };
		136164EE1B81B76A00A6D27A /* Info.plist */ = {isa = PBXFileReference; lastKnownFileType = text.plist.xml; path = Info.plist; sourceTree = "<group>"; };
		136164EF1B81B76A00A6D27A /* AppDelegate.swift */ = {isa = PBXFileReference; lastKnownFileType = sourcecode.swift; path = AppDelegate.swift; sourceTree = "<group>"; };
		136164F11B81B76A00A6D27A /* ViewController.swift */ = {isa = PBXFileReference; lastKnownFileType = sourcecode.swift; path = ViewController.swift; sourceTree = "<group>"; };
		136164F41B81B76A00A6D27A /* Base */ = {isa = PBXFileReference; lastKnownFileType = file.storyboard; name = Base; path = Base.lproj/Main.storyboard; sourceTree = "<group>"; };
		136164F61B81B76A00A6D27A /* Images.xcassets */ = {isa = PBXFileReference; lastKnownFileType = folder.assetcatalog; path = Images.xcassets; sourceTree = "<group>"; };
		136164F91B81B76A00A6D27A /* Base */ = {isa = PBXFileReference; lastKnownFileType = file.xib; name = Base; path = Base.lproj/LaunchScreen.xib; sourceTree = "<group>"; };
		136164FF1B81B76A00A6D27A /* StudySwiftTests.xctest */ = {isa = PBXFileReference; explicitFileType = wrapper.cfbundle; includeInIndex = 0; path = StudySwiftTests.xctest; sourceTree = BUILT_PRODUCTS_DIR; };
		136165041B81B76A00A6D27A /* Info.plist */ = {isa = PBXFileReference; lastKnownFileType = text.plist.xml; path = Info.plist; sourceTree = "<group>"; };
		136165051B81B76A00A6D27A /* StudySwiftTests.swift */ = {isa = PBXFileReference; lastKnownFileType = sourcecode.swift; path = StudySwiftTests.swift; sourceTree = "<group>"; };
/* End PBXFileReference section */

/* Begin PBXFrameworksBuildPhase section */
		136164E71B81B76A00A6D27A /* Frameworks */ = {
			isa = PBXFrameworksBuildPhase;
			buildActionMask = 2147483647;
			files = (
			);
			runOnlyForDeploymentPostprocessing = 0;
		};
		136164FC1B81B76A00A6D27A /* Frameworks */ = {
			isa = PBXFrameworksBuildPhase;
			buildActionMask = 2147483647;
			files = (
			);
			runOnlyForDeploymentPostprocessing = 0;
		};
/* End PBXFrameworksBuildPhase section */

/* Begin PBXGroup section */
		136164E11B81B76A00A6D27A = {
			isa = PBXGroup;
			children = (
				136164EC1B81B76A00A6D27A /* StudySwift */,
				136165021B81B76A00A6D27A /* StudySwiftTests */,
				136164EB1B81B76A00A6D27A /* Products */,
			);
			sourceTree = "<group>";
		};
		136164EB1B81B76A00A6D27A /* Products */ = {
			isa = PBXGroup;
			children = (
				136164EA1B81B76A00A6D27A /* StudySwift.app */,
				136164FF1B81B76A00A6D27A /* StudySwiftTests.xctest */,
			);
			name = Products;
			sourceTree = "<group>";
		};
		136164EC1B81B76A00A6D27A /* StudySwift */ = {
			isa = PBXGroup;
			children = (
				136164EF1B81B76A00A6D27A /* AppDelegate.swift */,
				136164F11B81B76A00A6D27A /* ViewController.swift */,
				136164F31B81B76A00A6D27A /* Main.storyboard */,
				136164F61B81B76A00A6D27A /* Images.xcassets */,
				136164F81B81B76A00A6D27A /* LaunchScreen.xib */,
				136164ED1B81B76A00A6D27A /* Supporting Files */,
			);
			path = StudySwift;
			sourceTree = "<group>";
		};
		136164ED1B81B76A00A6D27A /* Supporting Files */ = {
			isa = PBXGroup;
			children = (
				136164EE1B81B76A00A6D27A /* Info.plist */,
			);
			name = "Supporting Files";
			sourceTree = "<group>";
		};
		136165021B81B76A00A6D27A /* StudySwiftTests */ = {
			isa = PBXGroup;
			children = (
				136165051B81B76A00A6D27A /* StudySwiftTests.swift */,
				136165031B81B76A00A6D27A /* Supporting Files */,
			);
			path = StudySwiftTests;
			sourceTree = "<group>";
		};
		136165031B81B76A00A6D27A /* Supporting Files */ = {
			isa = PBXGroup;
			children = (
				136165041B81B76A00A6D27A /* Info.plist */,
			);
			name = "Supporting Files";
			sourceTree = "<group>";
		};
/* End PBXGroup section */

/* Begin PBXNativeTarget section */
		136164E91B81B76A00A6D27A /* StudySwift */ = {
			isa = PBXNativeTarget;
			buildConfigurationList = 136165091B81B76A00A6D27A /* Build configuration list for PBXNativeTarget "StudySwift" */;
			buildPhases = (
				136164E61B81B76A00A6D27A /* Sources */,
				136164E71B81B76A00A6D27A /* Frameworks */,
				136164E81B81B76A00A6D27A /* Resources */,
			);
			buildRules = (
			);
			dependencies = (
			);
			name = StudySwift;
			productName = StudySwift;
			productReference = 136164EA1B81B76A00A6D27A /* StudySwift.app */;
			productType = "com.apple.product-type.application";
		};
		136164FE1B81B76A00A6D27A /* StudySwiftTests */ = {
			isa = PBXNativeTarget;
			buildConfigurationList = 1361650C1B81B76A00A6D27A /* Build configuration list for PBXNativeTarget "StudySwiftTests" */;
			buildPhases = (
				136164FB1B81B76A00A6D27A /* Sources */,
				136164FC1B81B76A00A6D27A /* Frameworks */,
				136164FD1B81B76A00A6D27A /* Resources */,
			);
			buildRules = (
			);
			dependencies = (
				136165011B81B76A00A6D27A /* PBXTargetDependency */,
			);
			name = StudySwiftTests;
			productName = StudySwiftTests;
			productReference = 136164FF1B81B76A00A6D27A /* StudySwiftTests.xctest */;
			productType = "com.apple.product-type.bundle.unit-test";
		};
/* End PBXNativeTarget section */

/* Begin PBXProject section */
		136164E21B81B76A00A6D27A /* Project object */ = {
			isa = PBXProject;
			attributes = {
				LastUpgradeCheck = 0630;
				ORGANIZATIONNAME = "Nextop HN 2";
				TargetAttributes = {
					136164E91B81B76A00A6D27A = {
						CreatedOnToolsVersion = 6.3.2;
					};
					136164FE1B81B76A00A6D27A = {
						CreatedOnToolsVersion = 6.3.2;
						TestTargetID = 136164E91B81B76A00A6D27A;
					};
				};
			};
			buildConfigurationList = 136164E51B81B76A00A6D27A /* Build configuration list for PBXProject "StudySwift" */;
			compatibilityVersion = "Xcode 3.2";
			developmentRegion = English;
			hasScannedForEncodings = 0;
			knownRegions = (
				en,
				Base,
			);
			mainGroup = 136164E11B81B76A00A6D27A;
			productRefGroup = 136164EB1B81B76A00A6D27A /* Products */;
			projectDirPath = "";
			projectRoot = "";
			targets = (
				136164E91B81B76A00A6D27A /* StudySwift */,
				136164FE1B81B76A00A6D27A /* StudySwiftTests */,
			);
		};
/* End PBXProject section */

/* Begin PBXResourcesBuildPhase section */
		136164E81B81B76A00A6D27A /* Resources */ = {
			isa = PBXResourcesBuildPhase;
			buildActionMask = 2147483647;
			files = (
				136164F51B81B76A00A6D27A /* Main.storyboard in Resources */,
				136164FA1B81B76A00A6D27A /* LaunchScreen.xib in Resources */,
				136164F71B81B76A00A6D27A /* Images.xcassets in Resources */,
			);
			runOnlyForDeploymentPostprocessing = 0;
		};
		136164FD1B81B76A00A6D27A /* Resources */ = {
			isa = PBXResourcesBuildPhase;
			buildActionMask = 2147483647;
			files = (
			);
			runOnlyForDeploymentPostprocessing = 0;
		};
/* End PBXResourcesBuildPhase section */

/* Begin PBXSourcesBuildPhase section */
		136164E61B81B76A00A6D27A /* Sources */ = {
			isa = PBXSourcesBuildPhase;
			buildActionMask = 2147483647;
			files = (
				136164F21B81B76A00A6D27A /* ViewController.swift in Sources */,
				136164F01B81B76A00A6D27A /* AppDelegate.swift in Sources */,
			);
			runOnlyForDeploymentPostprocessing = 0;
		};
		136164FB1B81B76A00A6D27A /* Sources */ = {
			isa = PBXSourcesBuildPhase;
			buildActionMask = 2147483647;
			files = (
				136165061B81B76A00A6D27A /* StudySwiftTests.swift in Sources */,
			);
			runOnlyForDeploymentPostprocessing = 0;
		};
/* End PBXSourcesBuildPhase section */

/* Begin PBXTargetDependency section */
		136165011B81B76A00A6D27A /* PBXTargetDependency */ = {
			isa = PBXTargetDependency;
			target = 136164E91B81B76A00A6D27A /* StudySwift */;
			targetProxy = 136165001B81B76A00A6D27A /* PBXContainerItemProxy */;
		};
/* End PBXTargetDependency section */

/* Begin PBXVariantGroup section */
		136164F31B81B76A00A6D27A /* Main.storyboard */ = {
			isa = PBXVariantGroup;
			children = (
				136164F41B81B76A00A6D27A /* Base */,
			);
			name = Main.storyboard;
			sourceTree = "<group>";
		};
		136164F81B81B76A00A6D27A /* LaunchScreen.xib */ = {
			isa = PBXVariantGroup;
			children = (
				136164F91B81B76A00A6D27A /* Base */,
			);
			name = LaunchScreen.xib;
			sourceTree = "<group>";
		};
/* End PBXVariantGroup section */

/* Begin XCBuildConfiguration section */
		136165071B81B76A00A6D27A /* Debug */ = {
			isa = XCBuildConfiguration;
			buildSettings = {
				ALWAYS_SEARCH_USER_PATHS = NO;
				CLANG_CXX_LANGUAGE_STANDARD = "gnu++0x";
				CLANG_CXX_LIBRARY = "libc++";
				CLANG_ENABLE_MODULES = YES;
				CLANG_ENABLE_OBJC_ARC = YES;
				CLANG_WARN_BOOL_CONVERSION = YES;
				CLANG_WARN_CONSTANT_CONVERSION = YES;
				CLANG_WARN_DIRECT_OBJC_ISA_USAGE = YES_ERROR;
				CLANG_WARN_EMPTY_BODY = YES;
				CLANG_WARN_ENUM_CONVERSION = YES;
				CLANG_WARN_INT_CONVERSION = YES;
				CLANG_WARN_OBJC_ROOT_CLASS = YES_ERROR;
				CLANG_WARN_UNREACHABLE_CODE = YES;
				CLANG_WARN__DUPLICATE_METHOD_MATCH = YES;
				"CODE_SIGN_IDENTITY[sdk=iphoneos*]" = "iPhone Developer";
				COPY_PHASE_STRIP = NO;
				DEBUG_INFORMATION_FORMAT = "dwarf-with-dsym";
				ENABLE_STRICT_OBJC_MSGSEND = YES;
				GCC_C_LANGUAGE_STANDARD = gnu99;
				GCC_DYNAMIC_NO_PIC = NO;
				GCC_NO_COMMON_BLOCKS = YES;
				GCC_OPTIMIZATION_LEVEL = 0;
				GCC_PREPROCESSOR_DEFINITIONS = (
					"DEBUG=1",
					"$(inherited)",
				);
				GCC_SYMBOLS_PRIVATE_EXTERN = NO;
				GCC_WARN_64_TO_32_BIT_CONVERSION = YES;
				GCC_WARN_ABOUT_RETURN_TYPE = YES_ERROR;
				GCC_WARN_UNDECLARED_SELECTOR = YES;
				GCC_WARN_UNINITIALIZED_AUTOS = YES_AGGRESSIVE;
				GCC_WARN_UNUSED_FUNCTION = YES;
				GCC_WARN_UNUSED_VARIABLE = YES;
				IPHONEOS_DEPLOYMENT_TARGET = 8.3;
				MTL_ENABLE_DEBUG_INFO = YES;
				ONLY_ACTIVE_ARCH = YES;
				SDKROOT = iphoneos;
				SWIFT_OPTIMIZATION_LEVEL = "-Onone";
			};
			name = Debug;
		};
		136165081B81B76A00A6D27A /* Release */ = {
			isa = XCBuildConfiguration;
			buildSettings = {
				ALWAYS_SEARCH_USER_PATHS = NO;
				CLANG_CXX_LANGUAGE_STANDARD = "gnu++0x";
				CLANG_CXX_LIBRARY = "libc++";
				CLANG_ENABLE_MODULES = YES;
				CLANG_ENABLE_OBJC_ARC = YES;
				CLANG_WARN_BOOL_CONVERSION = YES;
				CLANG_WARN_CONSTANT_CONVERSION = YES;
				CLANG_WARN_DIRECT_OBJC_ISA_USAGE = YES_ERROR;
				CLANG_WARN_EMPTY_BODY = YES;
				CLANG_WARN_ENUM_CONVERSION = YES;
				CLANG_WARN_INT_CONVERSION = YES;
				CLANG_WARN_OBJC_ROOT_CLASS = YES_ERROR;
				CLANG_WARN_UNREACHABLE_CODE = YES;
				CLANG_WARN__DUPLICATE_METHOD_MATCH = YES;
				"CODE_SIGN_IDENTITY[sdk=iphoneos*]" = "iPhone Developer";
				COPY_PHASE_STRIP = NO;
				DEBUG_INFORMATION_FORMAT = "dwarf-with-dsym";
				ENABLE_NS_ASSERTIONS = NO;
				ENABLE_STRICT_OBJC_MSGSEND = YES;
				GCC_C_LANGUAGE_STANDARD = gnu99;
				GCC_NO_COMMON_BLOCKS = YES;
				GCC_WARN_64_TO_32_BIT_CONVERSION = YES;
				GCC_WARN_ABOUT_RETURN_TYPE = YES_ERROR;
				GCC_WARN_UNDECLARED_SELECTOR = YES;
				GCC_WARN_UNINITIALIZED_AUTOS = YES_AGGRESSIVE;
				GCC_WARN_UNUSED_FUNCTION = YES;
				GCC_WARN_UNUSED_VARIABLE = YES;
				IPHONEOS_DEPLOYMENT_TARGET = 8.3;
				MTL_ENABLE_DEBUG_INFO = NO;
				SDKROOT = iphoneos;
				VALIDATE_PRODUCT = YES;
			};
			name = Release;
		};
		1361650A1B81B76A00A6D27A /* Debug */ = {
			isa = XCBuildConfiguration;
			buildSettings = {
				ASSETCATALOG_COMPILER_APPICON_NAME = AppIcon;
				INFOPLIST_FILE = StudySwift/Info.plist;
				LD_RUNPATH_SEARCH_PATHS = "$(inherited) @executable_path/Frameworks";
				PRODUCT_NAME = "$(TARGET_NAME)";
			};
			name = Debug;
		};
		1361650B1B81B76A00A6D27A /* Release */ = {
			isa = XCBuildConfiguration;
			buildSettings = {
				ASSETCATALOG_COMPILER_APPICON_NAME = AppIcon;
				INFOPLIST_FILE = StudySwift/Info.plist;
				LD_RUNPATH_SEARCH_PATHS = "$(inherited) @executable_path/Frameworks";
				PRODUCT_NAME = "$(TARGET_NAME)";
			};
			name = Release;
		};
		1361650D1B81B76A00A6D27A /* Debug */ = {
			isa = XCBuildConfiguration;
			buildSettings = {
				BUNDLE_LOADER = "$(TEST_HOST)";
				FRAMEWORK_SEARCH_PATHS = (
					"$(SDKROOT)/Developer/Library/Frameworks",
					"$(inherited)",
				);
				GCC_PREPROCESSOR_DEFINITIONS = (
					"DEBUG=1",
					"$(inherited)",
				);
				INFOPLIST_FILE = StudySwiftTests/Info.plist;
				LD_RUNPATH_SEARCH_PATHS = "$(inherited) @executable_path/Frameworks @loader_path/Frameworks";
				PRODUCT_NAME = "$(TARGET_NAME)";
				TEST_HOST = "$(BUILT_PRODUCTS_DIR)/StudySwift.app/StudySwift";
			};
			name = Debug;
		};
		1361650E1B81B76A00A6D27A /* Release */ = {
			isa = XCBuildConfiguration;
			buildSettings = {
				BUNDLE_LOADER = "$(TEST_HOST)";
				FRAMEWORK_SEARCH_PATHS = (
					"$(SDKROOT)/Developer/Library/Frameworks",
					"$(inherited)",
				);
				INFOPLIST_FILE = StudySwiftTests/Info.plist;
				LD_RUNPATH_SEARCH_PATHS = "$(inherited) @executable_path/Frameworks @loader_path/Frameworks";
				PRODUCT_NAME = "$(TARGET_NAME)";
				TEST_HOST = "$(BUILT_PRODUCTS_DIR)/StudySwift.app/StudySwift";
			};
			name = Release;
		};
/* End XCBuildConfiguration section */

/* Begin XCConfigurationList section */
		136164E51B81B76A00A6D27A /* Build configuration list for PBXProject "StudySwift" */ = {
			isa = XCConfigurationList;
			buildConfigurations = (
				136165071B81B76A00A6D27A /* Debug */,
				136165081B81B76A00A6D27A /* Release */,
			);
			defaultConfigurationIsVisible = 0;
			defaultConfigurationName = Release;
		};
		136165091B81B76A00A6D27A /* Build configuration list for PBXNativeTarget "StudySwift" */ = {
			isa = XCConfigurationList;
			buildConfigurations = (
				1361650A1B81B76A00A6D27A /* Debug */,
				1361650B1B81B76A00A6D27A /* Release */,
			);
			defaultConfigurationIsVisible = 0;
		};
		1361650C1B81B76A00A6D27A /* Build configuration list for PBXNativeTarget "StudySwiftTests" */ = {
			isa = XCConfigurationList;
			buildConfigurations = (
				1361650D1B81B76A00A6D27A /* Debug */,
				1361650E1B81B76A00A6D27A /* Release */,
			);
			defaultConfigurationIsVisible = 0;
		};
/* End XCConfigurationList section */
	};
	rootObject = 136164E21B81B76A00A6D27A /* Project object */;
}
